
Microsoft Visual Studio Solution File, Format Version 12.00
# Visual Studio Version 17
VisualStudioVersion = 17.7.34031.279
MinimumVisualStudioVersion = 10.0.40219.1
Project("{FAE04EC0-301F-11D3-BF4B-00C04F79EFBC}") = "EassyDental", "EassyDental.csproj", "{069CE659-B995-4012-ADE6-441DF27178EE}"
EndProject
Global
	GlobalSection(SolutionConfigurationPlatforms) = preSolution
		Debug|Any CPU = Debug|Any CPU
		Release|Any CPU = Release|Any CPU
	EndGlobalSection
	GlobalSection(ProjectConfigurationPlatforms) = postSolution
		{069CE659-B995-4012-ADE6-441DF27178EE}.Debug|Any CPU.ActiveCfg = Debug|Any CPU
		{069CE659-B995-4012-ADE6-441DF27178EE}.Debug|Any CPU.Build.0 = Debug|Any CPU
		{069CE659-B995-4012-ADE6-441DF27178EE}.Release|Any CPU.ActiveCfg = Release|Any CPU
		{069CE659-B995-4012-ADE6-441DF27178EE}.Release|Any CPU.Build.0 = Release|Any CPU
	EndGlobalSection
	GlobalSection(SolutionProperties) = preSolution
		HideSolutionNode = FALSE
	EndGlobalSection
	GlobalSection(ExtensibilityGlobals) = postSolution
		SolutionGuid = {B74D1B73-A3D3-4C53-BE35-2107D8D7CDBD}
	EndGlobalSection
EndGlobal
